Microsoft Visual Studio Solution File, Format Version 11.00
# Visual Studio 2008

Project("{8295C40B-D8D5-56E5-6D45-FD58A7D5ABF7}") = "vr", "Assembly-CSharp-firstpass.csproj", "{AF01B856-E848-2D89-9821-70D37E7894BB}"
EndProject
Project("{8295C40B-D8D5-56E5-6D45-FD58A7D5ABF7}") = "vr", "Assembly-CSharp.csproj", "{2723F00E-D669-6D54-74E3-59E92CCD286E}"
EndProject
Project("{8295C40B-D8D5-56E5-6D45-FD58A7D5ABF7}") = "vr", "Assembly-CSharp-Editor.csproj", "{CFA17C4F-8B99-2FD5-4A96-1126BB9C51FE}"
EndProject
Project("{8295C40B-D8D5-56E5-6D45-FD58A7D5ABF7}") = "vr", "Assembly-UnityScript-firstpass.unityproj", "{E1F81D8B-0940-8D32-0DC1-3910667949B4}"
EndProject
Global
	GlobalSection(SolutionConfigurationPlatforms) = preSolution
		Debug|Any CPU = Debug|Any CPU
		Release|Any CPU = Release|Any CPU
	EndGlobalSection
	GlobalSection(ProjectConfigurationPlatforms) = postSolution
		{AF01B856-E848-2D89-9821-70D37E7894BB}.Debug|Any CPU.ActiveCfg = Debug|Any CPU
		{AF01B856-E848-2D89-9821-70D37E7894BB}.Debug|Any CPU.Build.0 = Debug|Any CPU
		{AF01B856-E848-2D89-9821-70D37E7894BB}.Release|Any CPU.ActiveCfg = Release|Any CPU
		{AF01B856-E848-2D89-9821-70D37E7894BB}.Release|Any CPU.Build.0 = Release|Any CPU
		{2723F00E-D669-6D54-74E3-59E92CCD286E}.Debug|Any CPU.ActiveCfg = Debug|Any CPU
		{2723F00E-D669-6D54-74E3-59E92CCD286E}.Debug|Any CPU.Build.0 = Debug|Any CPU
		{2723F00E-D669-6D54-74E3-59E92CCD286E}.Release|Any CPU.ActiveCfg = Release|Any CPU
		{2723F00E-D669-6D54-74E3-59E92CCD286E}.Release|Any CPU.Build.0 = Release|Any CPU
		{CFA17C4F-8B99-2FD5-4A96-1126BB9C51FE}.Debug|Any CPU.ActiveCfg = Debug|Any CPU
		{CFA17C4F-8B99-2FD5-4A96-1126BB9C51FE}.Debug|Any CPU.Build.0 = Debug|Any CPU
		{CFA17C4F-8B99-2FD5-4A96-1126BB9C51FE}.Release|Any CPU.ActiveCfg = Release|Any CPU
		{CFA17C4F-8B99-2FD5-4A96-1126BB9C51FE}.Release|Any CPU.Build.0 = Release|Any CPU
		{E1F81D8B-0940-8D32-0DC1-3910667949B4}.Debug|Any CPU.ActiveCfg = Debug|Any CPU
		{E1F81D8B-0940-8D32-0DC1-3910667949B4}.Debug|Any CPU.Build.0 = Debug|Any CPU
		{E1F81D8B-0940-8D32-0DC1-3910667949B4}.Release|Any CPU.ActiveCfg = Release|Any CPU
		{E1F81D8B-0940-8D32-0DC1-3910667949B4}.Release|Any CPU.Build.0 = Release|Any CPU
	EndGlobalSection
	GlobalSection(SolutionProperties) = preSolution
		HideSolutionNode = FALSE
	EndGlobalSection
																																																																		GlobalSection(MonoDevelopProperties) = preSolution
		StartupItem = Assembly-CSharp.csproj
		Policies = $0
		$0.TextStylePolicy = $1
		$1.inheritsSet = null
		$1.scope = text/x-csharp
		$0.CSharpFormattingPolicy = $2
		$2.inheritsSet = Mono
		$2.inheritsScope = text/x-csharp
		$2.scope = text/x-csharp
		$0.TextStylePolicy = $3
		$3.FileWidth = 120
		$3.TabWidth = 4
		$3.EolMarker = Unix
		$3.inheritsSet = Mono
		$3.inheritsScope = text/plain
		$3.scope = text/plain
	EndGlobalSection

EndGlobal
